
Microsoft Visual Studio Solution File, Format Version 12.00
# Visual Studio Version 17
VisualStudioVersion = 17.14.36908.2
MinimumVisualStudioVersion = 10.0.40219.1
Project("{FAE04EC0-301F-11D3-BF4B-00C04F79EFBC}") = "HabitTracker.Core", "HabitTracker.Core\HabitTracker.Core.csproj", "{CDA2B593-83D7-47D3-BF3E-03952B9565D7}"
EndProject
Project("{FAE04EC0-301F-11D3-BF4B-00C04F79EFBC}") = "HabitTracker.App", "HabitTracker.App\HabitTracker.App.csproj", "{9AD9D0FC-D34D-433F-9107-0FB8C2DA36F6}"
EndProject
Project("{FAE04EC0-301F-11D3-BF4B-00C04F79EFBC}") = "HabitTracker.Tests", "HabitTracker.Tests\HabitTracker.Tests.csproj", "{5394B81D-9B89-40E1-9AAA-412C5BBE8DB5}"
EndProject
Project("{2150E333-8FDC-42A3-9474-1A3956D46DE8}") = "docker", "docker", "{02EA681E-C7D8-13C7-8484-4AC65E1B71E8}"
	ProjectSection(SolutionItems) = preProject
		Dockerfile.txt = Dockerfile.txt
	EndProjectSection
EndProject
Project("{FAE04EC0-301F-11D3-BF4B-00C04F79EFBC}") = "HabitTracker.Server", "HabitTracker.Server\HabitTracker.Server.csproj", "{0298CAF2-B729-4282-BA6D-6E92B47F4374}"
EndProject
Project("{FAE04EC0-301F-11D3-BF4B-00C04F79EFBC}") = "HabitTracker.Shared", "HabitTracker.Shared\HabitTracker.Shared.csproj", "{452643B5-2316-489C-898A-038D2EA578E8}"
EndProject
Project("{E53339B2-1760-4266-BCC7-CA923CBCF16C}") = "docker-compose", "docker-compose.dcproj", "{81DDED9D-158B-E303-5F62-77A2896D2A5A}"
EndProject
Global
	GlobalSection(SolutionConfigurationPlatforms) = preSolution
		Debug|Any CPU = Debug|Any CPU
		Release|Any CPU = Release|Any CPU
	EndGlobalSection
	GlobalSection(ProjectConfigurationPlatforms) = postSolution
		{CDA2B593-83D7-47D3-BF3E-03952B9565D7}.Debug|Any CPU.ActiveCfg = Debug|Any CPU
		{CDA2B593-83D7-47D3-BF3E-03952B9565D7}.Debug|Any CPU.Build.0 = Debug|Any CPU
		{CDA2B593-83D7-47D3-BF3E-03952B9565D7}.Release|Any CPU.ActiveCfg = Release|Any CPU
		{CDA2B593-83D7-47D3-BF3E-03952B9565D7}.Release|Any CPU.Build.0 = Release|Any CPU
		{9AD9D0FC-D34D-433F-9107-0FB8C2DA36F6}.Debug|Any CPU.ActiveCfg = Debug|Any CPU
		{9AD9D0FC-D34D-433F-9107-0FB8C2DA36F6}.Debug|Any CPU.Build.0 = Debug|Any CPU
		{9AD9D0FC-D34D-433F-9107-0FB8C2DA36F6}.Release|Any CPU.ActiveCfg = Release|Any CPU
		{9AD9D0FC-D34D-433F-9107-0FB8C2DA36F6}.Release|Any CPU.Build.0 = Release|Any CPU
		{5394B81D-9B89-40E1-9AAA-412C5BBE8DB5}.Debug|Any CPU.ActiveCfg = Debug|Any CPU
		{5394B81D-9B89-40E1-9AAA-412C5BBE8DB5}.Debug|Any CPU.Build.0 = Debug|Any CPU
		{5394B81D-9B89-40E1-9AAA-412C5BBE8DB5}.Release|Any CPU.ActiveCfg = Release|Any CPU
		{5394B81D-9B89-40E1-9AAA-412C5BBE8DB5}.Release|Any CPU.Build.0 = Release|Any CPU
		{0298CAF2-B729-4282-BA6D-6E92B47F4374}.Debug|Any CPU.ActiveCfg = Debug|Any CPU
		{0298CAF2-B729-4282-BA6D-6E92B47F4374}.Debug|Any CPU.Build.0 = Debug|Any CPU
		{0298CAF2-B729-4282-BA6D-6E92B47F4374}.Release|Any CPU.ActiveCfg = Release|Any CPU
		{0298CAF2-B729-4282-BA6D-6E92B47F4374}.Release|Any CPU.Build.0 = Release|Any CPU
		{452643B5-2316-489C-898A-038D2EA578E8}.Debug|Any CPU.ActiveCfg = Debug|Any CPU
		{452643B5-2316-489C-898A-038D2EA578E8}.Debug|Any CPU.Build.0 = Debug|Any CPU
		{452643B5-2316-489C-898A-038D2EA578E8}.Release|Any CPU.ActiveCfg = Release|Any CPU
		{452643B5-2316-489C-898A-038D2EA578E8}.Release|Any CPU.Build.0 = Release|Any CPU
		{81DDED9D-158B-E303-5F62-77A2896D2A5A}.Debug|Any CPU.ActiveCfg = Debug|Any CPU
		{81DDED9D-158B-E303-5F62-77A2896D2A5A}.Debug|Any CPU.Build.0 = Debug|Any CPU
		{81DDED9D-158B-E303-5F62-77A2896D2A5A}.Release|Any CPU.ActiveCfg = Release|Any CPU
		{81DDED9D-158B-E303-5F62-77A2896D2A5A}.Release|Any CPU.Build.0 = Release|Any CPU
	EndGlobalSection
	GlobalSection(SolutionProperties) = preSolution
		HideSolutionNode = FALSE
	EndGlobalSection
	GlobalSection(ExtensibilityGlobals) = postSolution
		SolutionGuid = {0D689C0E-696E-4B64-96F0-7B0F3E0FF174}
	EndGlobalSection
EndGlobal
